
Microsoft Visual Studio Solution File, Format Version 12.00
# Visual Studio 14
VisualStudioVersion = 14.0.25420.1
MinimumVisualStudioVersion = 10.0.40219.1
Project("{FAE04EC0-301F-11D3-BF4B-00C04F79EFBC}") = "SmartH2O_DU", "SmartH2O_DU\SmartH2O_DU.csproj", "{B3A3E9F7-AF7B-4F46-97F6-7D0D9AE5E4A1}"
EndProject
Project("{FAE04EC0-301F-11D3-BF4B-00C04F79EFBC}") = "SmartaH2O_Alarm", "SmartaH2O_Alarm\SmartaH2O_Alarm.csproj", "{ABC931C4-452D-44DA-A301-2253CE09F4B5}"
EndProject
Project("{FAE04EC0-301F-11D3-BF4B-00C04F79EFBC}") = "SmartH2O_DLog", "SmartH2O_DLog\SmartH2O_DLog.csproj", "{905CCF9F-573A-4774-8A37-72CBB48F642F}"
	ProjectSection(ProjectDependencies) = postProject
		{82D454BC-AAAD-46B9-8D25-A9B2F3D19F73} = {82D454BC-AAAD-46B9-8D25-A9B2F3D19F73}
	EndProjectSection
EndProject
Project("{FAE04EC0-301F-11D3-BF4B-00C04F79EFBC}") = "SmartH2O_Service", "SmartH2O_Service\SmartH2O_Service.csproj", "{82D454BC-AAAD-46B9-8D25-A9B2F3D19F73}"
EndProject
Project("{FAE04EC0-301F-11D3-BF4B-00C04F79EFBC}") = "WindowsFormsApplication1", "WindowsFormsApplication1\WindowsFormsApplication1.csproj", "{0145A902-32FC-40BE-B3F2-D5069BE40AA7}"
	ProjectSection(ProjectDependencies) = postProject
		{82D454BC-AAAD-46B9-8D25-A9B2F3D19F73} = {82D454BC-AAAD-46B9-8D25-A9B2F3D19F73}
	EndProjectSection
EndProject
Project("{FAE04EC0-301F-11D3-BF4B-00C04F79EFBC}") = "SmartH2O_SeeApp", "SmartH2O_SeeApp\SmartH2O_SeeApp.csproj", "{677213CB-1095-4FEF-9AB5-35FF870F9C63}"
EndProject
Global
	GlobalSection(SolutionConfigurationPlatforms) = preSolution
		Debug|Any CPU = Debug|Any CPU
		Release|Any CPU = Release|Any CPU
	EndGlobalSection
	GlobalSection(ProjectConfigurationPlatforms) = postSolution
		{B3A3E9F7-AF7B-4F46-97F6-7D0D9AE5E4A1}.Debug|Any CPU.ActiveCfg = Debug|Any CPU
		{B3A3E9F7-AF7B-4F46-97F6-7D0D9AE5E4A1}.Debug|Any CPU.Build.0 = Debug|Any CPU
		{B3A3E9F7-AF7B-4F46-97F6-7D0D9AE5E4A1}.Release|Any CPU.ActiveCfg = Release|Any CPU
		{B3A3E9F7-AF7B-4F46-97F6-7D0D9AE5E4A1}.Release|Any CPU.Build.0 = Release|Any CPU
		{ABC931C4-452D-44DA-A301-2253CE09F4B5}.Debug|Any CPU.ActiveCfg = Debug|Any CPU
		{ABC931C4-452D-44DA-A301-2253CE09F4B5}.Debug|Any CPU.Build.0 = Debug|Any CPU
		{ABC931C4-452D-44DA-A301-2253CE09F4B5}.Release|Any CPU.ActiveCfg = Release|Any CPU
		{ABC931C4-452D-44DA-A301-2253CE09F4B5}.Release|Any CPU.Build.0 = Release|Any CPU
		{905CCF9F-573A-4774-8A37-72CBB48F642F}.Debug|Any CPU.ActiveCfg = Debug|Any CPU
		{905CCF9F-573A-4774-8A37-72CBB48F642F}.Debug|Any CPU.Build.0 = Debug|Any CPU
		{905CCF9F-573A-4774-8A37-72CBB48F642F}.Release|Any CPU.ActiveCfg = Release|Any CPU
		{905CCF9F-573A-4774-8A37-72CBB48F642F}.Release|Any CPU.Build.0 = Release|Any CPU
		{82D454BC-AAAD-46B9-8D25-A9B2F3D19F73}.Debug|Any CPU.ActiveCfg = Debug|Any CPU
		{82D454BC-AAAD-46B9-8D25-A9B2F3D19F73}.Debug|Any CPU.Build.0 = Debug|Any CPU
		{82D454BC-AAAD-46B9-8D25-A9B2F3D19F73}.Release|Any CPU.ActiveCfg = Release|Any CPU
		{82D454BC-AAAD-46B9-8D25-A9B2F3D19F73}.Release|Any CPU.Build.0 = Release|Any CPU
		{0145A902-32FC-40BE-B3F2-D5069BE40AA7}.Debug|Any CPU.ActiveCfg = Debug|Any CPU
		{0145A902-32FC-40BE-B3F2-D5069BE40AA7}.Debug|Any CPU.Build.0 = Debug|Any CPU
		{0145A902-32FC-40BE-B3F2-D5069BE40AA7}.Release|Any CPU.ActiveCfg = Release|Any CPU
		{0145A902-32FC-40BE-B3F2-D5069BE40AA7}.Release|Any CPU.Build.0 = Release|Any CPU
		{677213CB-1095-4FEF-9AB5-35FF870F9C63}.Debug|Any CPU.ActiveCfg = Debug|Any CPU
		{677213CB-1095-4FEF-9AB5-35FF870F9C63}.Debug|Any CPU.Build.0 = Debug|Any CPU
		{677213CB-1095-4FEF-9AB5-35FF870F9C63}.Release|Any CPU.ActiveCfg = Release|Any CPU
		{677213CB-1095-4FEF-9AB5-35FF870F9C63}.Release|Any CPU.Build.0 = Release|Any CPU
	EndGlobalSection
	GlobalSection(SolutionProperties) = preSolution
		HideSolutionNode = FALSE
	EndGlobalSection
EndGlobal
